
Microsoft Visual Studio Solution File, Format Version 12.00
# Visual Studio Version 16
VisualStudioVersion = 16.0.30225.117
MinimumVisualStudioVersion = 10.0.40219.1
Project("{8BC9CEB8-8B4A-11D0-8D11-00A0C91BC942}") = "com.naver.prism.sdPlugin", "com.naver.prism.sdPlugin.vcxproj", "{D92EB6FD-E70C-4B1A-AFFA-8AA210DDEEDC}"
EndProject
Global
	GlobalSection(SolutionConfigurationPlatforms) = preSolution
		Debug|x64 = Debug|x64
		Debug|x86 = Debug|x86
		Release|x64 = Release|x64
		Release|x86 = Release|x86
	EndGlobalSection
	GlobalSection(ProjectConfigurationPlatforms) = postSolution
		{D92EB6FD-E70C-4B1A-AFFA-8AA210DDEEDC}.Debug|x64.ActiveCfg = Debug|x64
		{D92EB6FD-E70C-4B1A-AFFA-8AA210DDEEDC}.Debug|x64.Build.0 = Debug|x64
		{D92EB6FD-E70C-4B1A-AFFA-8AA210DDEEDC}.Debug|x86.ActiveCfg = Debug|Win32
		{D92EB6FD-E70C-4B1A-AFFA-8AA210DDEEDC}.Debug|x86.Build.0 = Debug|Win32
		{D92EB6FD-E70C-4B1A-AFFA-8AA210DDEEDC}.Release|x64.ActiveCfg = Release|x64
		{D92EB6FD-E70C-4B1A-AFFA-8AA210DDEEDC}.Release|x64.Build.0 = Release|x64
		{D92EB6FD-E70C-4B1A-AFFA-8AA210DDEEDC}.Release|x86.ActiveCfg = Debug|Win32
		{D92EB6FD-E70C-4B1A-AFFA-8AA210DDEEDC}.Release|x86.Build.0 = Debug|Win32
	EndGlobalSection
	GlobalSection(SolutionProperties) = preSolution
		HideSolutionNode = FALSE
	EndGlobalSection
	GlobalSection(ExtensibilityGlobals) = postSolution
		SolutionGuid = {52EE3EBD-59FB-4DB9-A608-65FC63FAF049}
	EndGlobalSection
EndGlobal
